
Microsoft Visual Studio Solution File, Format Version 12.00
# Visual Studio Version 16
VisualStudioVersion = 16.0.31424.327
MinimumVisualStudioVersion = 10.0.40219.1
Project("{FAE04EC0-301F-11D3-BF4B-00C04F79EFBC}") = "MNB2", "MNB2\MNB2.csproj", "{4C074762-4043-4FFB-A7D3-9A2EC1CFA93A}"
EndProject
Global
	GlobalSection(SolutionConfigurationPlatforms) = preSolution
		Debug|Any CPU = Debug|Any CPU
		Release|Any CPU = Release|Any CPU
	EndGlobalSection
	GlobalSection(ProjectConfigurationPlatforms) = postSolution
		{4C074762-4043-4FFB-A7D3-9A2EC1CFA93A}.Debug|Any CPU.ActiveCfg = Debug|Any CPU
		{4C074762-4043-4FFB-A7D3-9A2EC1CFA93A}.Debug|Any CPU.Build.0 = Debug|Any CPU
		{4C074762-4043-4FFB-A7D3-9A2EC1CFA93A}.Release|Any CPU.ActiveCfg = Release|Any CPU
		{4C074762-4043-4FFB-A7D3-9A2EC1CFA93A}.Release|Any CPU.Build.0 = Release|Any CPU
	EndGlobalSection
	GlobalSection(SolutionProperties) = preSolution
		HideSolutionNode = FALSE
	EndGlobalSection
	GlobalSection(ExtensibilityGlobals) = postSolution
		SolutionGuid = {8899DEE6-F755-4E6B-AFFC-8251307F3633}
	EndGlobalSection
EndGlobal
